// !$*UTF8*$!
{
	archiveVersion = 1;
	classes = {
	};
	objectVersion = 50;
	objects = {

/* Begin PBXBuildFile section */
		8E8759D322A4B703001721AB /* AppDelegate.swift in Sources */ = {isa = PBXBuildFile; fileRef = 8E8759D222A4B703001721AB /* AppDelegate.swift */; };
		8E8759D522A4B703001721AB /* MainViewController.swift in Sources */ = {isa = PBXBuildFile; fileRef = 8E8759D422A4B703001721AB /* MainViewController.swift */; };
		8E8759D822A4B703001721AB /* Main.storyboard in Resources */ = {isa = PBXBuildFile; fileRef = 8E8759D622A4B703001721AB /* Main.storyboard */; };
		8E8759DA22A4B705001721AB /* Assets.xcassets in Resources */ = {isa = PBXBuildFile; fileRef = 8E8759D922A4B705001721AB /* Assets.xcassets */; };
		8E8759DD22A4B705001721AB /* LaunchScreen.storyboard in Resources */ = {isa = PBXBuildFile; fileRef = 8E8759DB22A4B705001721AB /* LaunchScreen.storyboard */; };
		8E8759EB22A4B804001721AB /* MainView.swift in Sources */ = {isa = PBXBuildFile; fileRef = 8E8759EA22A4B804001721AB /* MainView.swift */; };
/* End PBXBuildFile section */

/* Begin PBXFileReference section */
		8E8759CF22A4B703001721AB /* SetupConstraintsByCode.app */ = {isa = PBXFileReference; explicitFileType = wrapper.application; includeInIndex = 0; path = SetupConstraintsByCode.app; sourceTree = BUILT_PRODUCTS_DIR; };
		8E8759D222A4B703001721AB /* AppDelegate.swift */ = {isa = PBXFileReference; lastKnownFileType = sourcecode.swift; path = AppDelegate.swift; sourceTree = "<group>"; };
		8E8759D422A4B703001721AB /* MainViewController.swift */ = {isa = PBXFileReference; lastKnownFileType = sourcecode.swift; path = MainViewController.swift; sourceTree = "<group>"; };
		8E8759D722A4B703001721AB /* Base */ = {isa = PBXFileReference; lastKnownFileType = file.storyboard; name = Base; path = Base.lproj/Main.storyboard; sourceTree = "<group>"; };
		8E8759D922A4B705001721AB /* Assets.xcassets */ = {isa = PBXFileReference; lastKnownFileType = folder.assetcatalog; path = Assets.xcassets; sourceTree = "<group>"; };
		8E8759DC22A4B705001721AB /* Base */ = {isa = PBXFileReference; lastKnownFileType = file.storyboard; name = Base; path = Base.lproj/LaunchScreen.storyboard; sourceTree = "<group>"; };
		8E8759DE22A4B705001721AB /* Info.plist */ = {isa = PBXFileReference; lastKnownFileType = text.plist.xml; path = Info.plist; sourceTree = "<group>"; };
		8E8759EA22A4B804001721AB /* MainView.swift */ = {isa = PBXFileReference; lastKnownFileType = sourcecode.swift; path = MainView.swift; sourceTree = "<group>"; };
/* End PBXFileReference section */

/* Begin PBXFrameworksBuildPhase section */
		8E8759CC22A4B703001721AB /* Frameworks */ = {
			isa = PBXFrameworksBuildPhase;
			buildActionMask = 2147483647;
			files = (
			);
			runOnlyForDeploymentPostprocessing = 0;
		};
/* End PBXFrameworksBuildPhase section */

/* Begin PBXGroup section */
		8E8759C622A4B703001721AB = {
			isa = PBXGroup;
			children = (
				8E8759D122A4B703001721AB /* SetupConstraintsByCode */,
				8E8759D022A4B703001721AB /* Products */,
			);
			sourceTree = "<group>";
		};
		8E8759D022A4B703001721AB /* Products */ = {
			isa = PBXGroup;
			children = (
				8E8759CF22A4B703001721AB /* SetupConstraintsByCode.app */,
			);
			name = Products;
			sourceTree = "<group>";
		};
		8E8759D122A4B703001721AB /* SetupConstraintsByCode */ = {
			isa = PBXGroup;
			children = (
				8E8759E422A4B715001721AB /* App */,
				8E8759E722A4B730001721AB /* Extensions */,
				8E8759E522A4B71F001721AB /* Data */,
				8E8759E622A4B728001721AB /* Scenes */,
				8E8759D922A4B705001721AB /* Assets.xcassets */,
				8E8759DB22A4B705001721AB /* LaunchScreen.storyboard */,
				8E8759DE22A4B705001721AB /* Info.plist */,
			);
			path = SetupConstraintsByCode;
			sourceTree = "<group>";
		};
		8E8759E422A4B715001721AB /* App */ = {
			isa = PBXGroup;
			children = (
				8E8759D222A4B703001721AB /* AppDelegate.swift */,
			);
			path = App;
			sourceTree = "<group>";
		};
		8E8759E522A4B71F001721AB /* Data */ = {
			isa = PBXGroup;
			children = (
			);
			path = Data;
			sourceTree = "<group>";
		};
		8E8759E622A4B728001721AB /* Scenes */ = {
			isa = PBXGroup;
			children = (
				8E8759E922A4B754001721AB /* Main */,
				8E8759E822A4B749001721AB /* Storyboards */,
			);
			path = Scenes;
			sourceTree = "<group>";
		};
		8E8759E722A4B730001721AB /* Extensions */ = {
			isa = PBXGroup;
			children = (
			);
			path = Extensions;
			sourceTree = "<group>";
		};
		8E8759E822A4B749001721AB /* Storyboards */ = {
			isa = PBXGroup;
			children = (
				8E8759D622A4B703001721AB /* Main.storyboard */,
			);
			path = Storyboards;
			sourceTree = "<group>";
		};
		8E8759E922A4B754001721AB /* Main */ = {
			isa = PBXGroup;
			children = (
				8E8759D422A4B703001721AB /* MainViewController.swift */,
				8E8759EA22A4B804001721AB /* MainView.swift */,
			);
			path = Main;
			sourceTree = "<group>";
		};
/* End PBXGroup section */

/* Begin PBXNativeTarget section */
		8E8759CE22A4B703001721AB /* SetupConstraintsByCode */ = {
			isa = PBXNativeTarget;
			buildConfigurationList = 8E8759E122A4B705001721AB /* Build configuration list for PBXNativeTarget "SetupConstraintsByCode" */;
			buildPhases = (
				8E8759CB22A4B703001721AB /* Sources */,
				8E8759CC22A4B703001721AB /* Frameworks */,
				8E8759CD22A4B703001721AB /* Resources */,
			);
			buildRules = (
			);
			dependencies = (
			);
			name = SetupConstraintsByCode;
			productName = SetupConstraintsByCode;
			productReference = 8E8759CF22A4B703001721AB /* SetupConstraintsByCode.app */;
			productType = "com.apple.product-type.application";
		};
/* End PBXNativeTarget section */

/* Begin PBXProject section */
		8E8759C722A4B703001721AB /* Project object */ = {
			isa = PBXProject;
			attributes = {
				LastSwiftUpdateCheck = 1020;
				LastUpgradeCheck = 1020;
				ORGANIZATIONNAME = nguyen.duc.huyb;
				TargetAttributes = {
					8E8759CE22A4B703001721AB = {
						CreatedOnToolsVersion = 10.2.1;
					};
				};
			};
			buildConfigurationList = 8E8759CA22A4B703001721AB /* Build configuration list for PBXProject "SetupConstraintsByCode" */;
			compatibilityVersion = "Xcode 9.3";
			developmentRegion = en;
			hasScannedForEncodings = 0;
			knownRegions = (
				en,
				Base,
			);
			mainGroup = 8E8759C622A4B703001721AB;
			productRefGroup = 8E8759D022A4B703001721AB /* Products */;
			projectDirPath = "";
			projectRoot = "";
			targets = (
				8E8759CE22A4B703001721AB /* SetupConstraintsByCode */,
			);
		};
/* End PBXProject section */

/* Begin PBXResourcesBuildPhase section */
		8E8759CD22A4B703001721AB /* Resources */ = {
			isa = PBXResourcesBuildPhase;
			buildActionMask = 2147483647;
			files = (
				8E8759DD22A4B705001721AB /* LaunchScreen.storyboard in Resources */,
				8E8759DA22A4B705001721AB /* Assets.xcassets in Resources */,
				8E8759D822A4B703001721AB /* Main.storyboard in Resources */,
			);
			runOnlyForDeploymentPostprocessing = 0;
		};
/* End PBXResourcesBuildPhase section */

/* Begin PBXSourcesBuildPhase section */
		8E8759CB22A4B703001721AB /* Sources */ = {
			isa = PBXSourcesBuildPhase;
			buildActionMask = 2147483647;
			files = (
				8E8759D522A4B703001721AB /* MainViewController.swift in Sources */,
				8E8759EB22A4B804001721AB /* MainView.swift in Sources */,
				8E8759D322A4B703001721AB /* AppDelegate.swift in Sources */,
			);
			runOnlyForDeploymentPostprocessing = 0;
		};
/* End PBXSourcesBuildPhase section */

/* Begin PBXVariantGroup section */
		8E8759D622A4B703001721AB /* Main.storyboard */ = {
			isa = PBXVariantGroup;
			children = (
				8E8759D722A4B703001721AB /* Base */,
			);
			name = Main.storyboard;
			sourceTree = "<group>";
		};
		8E8759DB22A4B705001721AB /* LaunchScreen.storyboard */ = {
			isa = PBXVariantGroup;
			children = (
				8E8759DC22A4B705001721AB /* Base */,
			);
			name = LaunchScreen.storyboard;
			sourceTree = "<group>";
		};
/* End PBXVariantGroup section */

/* Begin XCBuildConfiguration section */
		8E8759DF22A4B705001721AB /* Debug */ = {
			isa = XCBuildConfiguration;
			buildSettings = {
				ALWAYS_SEARCH_USER_PATHS = NO;
				CLANG_ANALYZER_NONNULL = YES;
				CLANG_ANALYZER_NUMBER_OBJECT_CONVERSION = YES_AGGRESSIVE;
				CLANG_CXX_LANGUAGE_STANDARD = "gnu++14";
				CLANG_CXX_LIBRARY = "libc++";
				CLANG_ENABLE_MODULES = YES;
				CLANG_ENABLE_OBJC_ARC = YES;
				CLANG_ENABLE_OBJC_WEAK = YES;
				CLANG_WARN_BLOCK_CAPTURE_AUTORELEASING = YES;
				CLANG_WARN_BOOL_CONVERSION = YES;
				CLANG_WARN_COMMA = YES;
				CLANG_WARN_CONSTANT_CONVERSION = YES;
				CLANG_WARN_DEPRECATED_OBJC_IMPLEMENTATIONS = YES;
				CLANG_WARN_DIRECT_OBJC_ISA_USAGE = YES_ERROR;
				CLANG_WARN_DOCUMENTATION_COMMENTS = YES;
				CLANG_WARN_EMPTY_BODY = YES;
				CLANG_WARN_ENUM_CONVERSION = YES;
				CLANG_WARN_INFINITE_RECURSION = YES;
				CLANG_WARN_INT_CONVERSION = YES;
				CLANG_WARN_NON_LITERAL_NULL_CONVERSION = YES;
				CLANG_WARN_OBJC_IMPLICIT_RETAIN_SELF = YES;
				CLANG_WARN_OBJC_LITERAL_CONVERSION = YES;
				CLANG_WARN_OBJC_ROOT_CLASS = YES_ERROR;
				CLANG_WARN_RANGE_LOOP_ANALYSIS = YES;
				CLANG_WARN_STRICT_PROTOTYPES = YES;
				CLANG_WARN_SUSPICIOUS_MOVE = YES;
				CLANG_WARN_UNGUARDED_AVAILABILITY = YES_AGGRESSIVE;
				CLANG_WARN_UNREACHABLE_CODE = YES;
				CLANG_WARN__DUPLICATE_METHOD_MATCH = YES;
				CODE_SIGN_IDENTITY = "iPhone Developer";
				COPY_PHASE_STRIP = NO;
				DEBUG_INFORMATION_FORMAT = dwarf;
				ENABLE_STRICT_OBJC_MSGSEND = YES;
				ENABLE_TESTABILITY = YES;
				GCC_C_LANGUAGE_STANDARD = gnu11;
				GCC_DYNAMIC_NO_PIC = NO;
				GCC_NO_COMMON_BLOCKS = YES;
				GCC_OPTIMIZATION_LEVEL = 0;
				GCC_PREPROCESSOR_DEFINITIONS = (
					"DEBUG=1",
					"$(inherited)",
				);
				GCC_WARN_64_TO_32_BIT_CONVERSION = YES;
				GCC_WARN_ABOUT_RETURN_TYPE = YES_ERROR;
				GCC_WARN_UNDECLARED_SELECTOR = YES;
				GCC_WARN_UNINITIALIZED_AUTOS = YES_AGGRESSIVE;
				GCC_WARN_UNUSED_FUNCTION = YES;
				GCC_WARN_UNUSED_VARIABLE = YES;
				IPHONEOS_DEPLOYMENT_TARGET = 12.2;
				MTL_ENABLE_DEBUG_INFO = INCLUDE_SOURCE;
				MTL_FAST_MATH = YES;
				ONLY_ACTIVE_ARCH = YES;
				SDKROOT = iphoneos;
				SWIFT_ACTIVE_COMPILATION_CONDITIONS = DEBUG;
				SWIFT_OPTIMIZATION_LEVEL = "-Onone";
			};
			name = Debug;
		};
		8E8759E022A4B705001721AB /* Release */ = {
			isa = XCBuildConfiguration;
			buildSettings = {
				ALWAYS_SEARCH_USER_PATHS = NO;
				CLANG_ANALYZER_NONNULL = YES;
				CLANG_ANALYZER_NUMBER_OBJECT_CONVERSION = YES_AGGRESSIVE;
				CLANG_CXX_LANGUAGE_STANDARD = "gnu++14";
				CLANG_CXX_LIBRARY = "libc++";
				CLANG_ENABLE_MODULES = YES;
				CLANG_ENABLE_OBJC_ARC = YES;
				CLANG_ENABLE_OBJC_WEAK = YES;
				CLANG_WARN_BLOCK_CAPTURE_AUTORELEASING = YES;
				CLANG_WARN_BOOL_CONVERSION = YES;
				CLANG_WARN_COMMA = YES;
				CLANG_WARN_CONSTANT_CONVERSION = YES;
				CLANG_WARN_DEPRECATED_OBJC_IMPLEMENTATIONS = YES;
				CLANG_WARN_DIRECT_OBJC_ISA_USAGE = YES_ERROR;
				CLANG_WARN_DOCUMENTATION_COMMENTS = YES;
				CLANG_WARN_EMPTY_BODY = YES;
				CLANG_WARN_ENUM_CONVERSION = YES;
				CLANG_WARN_INFINITE_RECURSION = YES;
				CLANG_WARN_INT_CONVERSION = YES;
				CLANG_WARN_NON_LITERAL_NULL_CONVERSION = YES;
				CLANG_WARN_OBJC_IMPLICIT_RETAIN_SELF = YES;
				CLANG_WARN_OBJC_LITERAL_CONVERSION = YES;
				CLANG_WARN_OBJC_ROOT_CLASS = YES_ERROR;
				CLANG_WARN_RANGE_LOOP_ANALYSIS = YES;
				CLANG_WARN_STRICT_PROTOTYPES = YES;
				CLANG_WARN_SUSPICIOUS_MOVE = YES;
				CLANG_WARN_UNGUARDED_AVAILABILITY = YES_AGGRESSIVE;
				CLANG_WARN_UNREACHABLE_CODE = YES;
				CLANG_WARN__DUPLICATE_METHOD_MATCH = YES;
				CODE_SIGN_IDENTITY = "iPhone Developer";
				COPY_PHASE_STRIP = NO;
				DEBUG_INFORMATION_FORMAT = "dwarf-with-dsym";
				ENABLE_NS_ASSERTIONS = NO;
				ENABLE_STRICT_OBJC_MSGSEND = YES;
				GCC_C_LANGUAGE_STANDARD = gnu11;
				GCC_NO_COMMON_BLOCKS = YES;
				GCC_WARN_64_TO_32_BIT_CONVERSION = YES;
				GCC_WARN_ABOUT_RETURN_TYPE = YES_ERROR;
				GCC_WARN_UNDECLARED_SELECTOR = YES;
				GCC_WARN_UNINITIALIZED_AUTOS = YES_AGGRESSIVE;
				GCC_WARN_UNUSED_FUNCTION = YES;
				GCC_WARN_UNUSED_VARIABLE = YES;
				IPHONEOS_DEPLOYMENT_TARGET = 12.2;
				MTL_ENABLE_DEBUG_INFO = NO;
				MTL_FAST_MATH = YES;
				SDKROOT = iphoneos;
				SWIFT_COMPILATION_MODE = wholemodule;
				SWIFT_OPTIMIZATION_LEVEL = "-O";
				VALIDATE_PRODUCT = YES;
			};
			name = Release;
		};
		8E8759E222A4B705001721AB /* Debug */ = {
			isa = XCBuildConfiguration;
			buildSettings = {
				ASSETCATALOG_COMPILER_APPICON_NAME = AppIcon;
				CODE_SIGN_STYLE = Automatic;
				DEVELOPMENT_TEAM = 2FVQE295NZ;
				INFOPLIST_FILE = SetupConstraintsByCode/Info.plist;
				LD_RUNPATH_SEARCH_PATHS = (
					"$(inherited)",
					"@executable_path/Frameworks",
				);
				PRODUCT_BUNDLE_IDENTIFIER = com.sunasterisk.SetupConstraintsByCode;
				PRODUCT_NAME = "$(TARGET_NAME)";
				SWIFT_VERSION = 5.0;
				TARGETED_DEVICE_FAMILY = "1,2";
			};
			name = Debug;
		};
		8E8759E322A4B705001721AB /* Release */ = {
			isa = XCBuildConfiguration;
			buildSettings = {
				ASSETCATALOG_COMPILER_APPICON_NAME = AppIcon;
				CODE_SIGN_STYLE = Automatic;
				DEVELOPMENT_TEAM = 2FVQE295NZ;
				INFOPLIST_FILE = SetupConstraintsByCode/Info.plist;
				LD_RUNPATH_SEARCH_PATHS = (
					"$(inherited)",
					"@executable_path/Frameworks",
				);
				PRODUCT_BUNDLE_IDENTIFIER = com.sunasterisk.SetupConstraintsByCode;
				PRODUCT_NAME = "$(TARGET_NAME)";
				SWIFT_VERSION = 5.0;
				TARGETED_DEVICE_FAMILY = "1,2";
			};
			name = Release;
		};
/* End XCBuildConfiguration section */

/* Begin XCConfigurationList section */
		8E8759CA22A4B703001721AB /* Build configuration list for PBXProject "SetupConstraintsByCode" */ = {
			isa = XCConfigurationList;
			buildConfigurations = (
				8E8759DF22A4B705001721AB /* Debug */,
				8E8759E022A4B705001721AB /* Release */,
			);
			defaultConfigurationIsVisible = 0;
			defaultConfigurationName = Release;
		};
		8E8759E122A4B705001721AB /* Build configuration list for PBXNativeTarget "SetupConstraintsByCode" */ = {
			isa = XCConfigurationList;
			buildConfigurations = (
				8E8759E222A4B705001721AB /* Debug */,
				8E8759E322A4B705001721AB /* Release */,
			);
			defaultConfigurationIsVisible = 0;
			defaultConfigurationName = Release;
		};
/* End XCConfigurationList section */
	};
	rootObject = 8E8759C722A4B703001721AB /* Project object */;
}
